// !$*UTF8*$!
{
	archiveVersion = 1;
	classes = {
	};
	objectVersion = 46;
	objects = {

/* Begin PBXBuildFile section */
		65985AB31EA8BFA2008D961C /* main.m in Sources */ = {isa = PBXBuildFile; fileRef = 65985AB21EA8BFA2008D961C /* main.m */; };
		65985AB61EA8BFA3008D961C /* AppDelegate.m in Sources */ = {isa = PBXBuildFile; fileRef = 65985AB51EA8BFA3008D961C /* AppDelegate.m */; };
		65985AB91EA8BFA3008D961C /* ViewController.m in Sources */ = {isa = PBXBuildFile; fileRef = 65985AB81EA8BFA3008D961C /* ViewController.m */; };
		65985ABC1EA8BFA3008D961C /* Main.storyboard in Resources */ = {isa = PBXBuildFile; fileRef = 65985ABA1EA8BFA3008D961C /* Main.storyboard */; };
		65985ABE1EA8BFA4008D961C /* Assets.xcassets in Resources */ = {isa = PBXBuildFile; fileRef = 65985ABD1EA8BFA4008D961C /* Assets.xcassets */; };
		65985AC11EA8BFA4008D961C /* LaunchScreen.storyboard in Resources */ = {isa = PBXBuildFile; fileRef = 65985ABF1EA8BFA4008D961C /* LaunchScreen.storyboard */; };
		65985ACC1EA8BFA6008D961C /* DemoCICDTests.m in Sources */ = {isa = PBXBuildFile; fileRef = 65985ACB1EA8BFA6008D961C /* DemoCICDTests.m */; };
		65985AD91EA8C07F008D961C /* Validator.m in Sources */ = {isa = PBXBuildFile; fileRef = 65985AD81EA8C07F008D961C /* Validator.m */; };
/* End PBXBuildFile section */

/* Begin PBXContainerItemProxy section */
		65985AC81EA8BFA6008D961C /* PBXContainerItemProxy */ = {
			isa = PBXContainerItemProxy;
			containerPortal = 65985AA61EA8BFA1008D961C /* Project object */;
			proxyType = 1;
			remoteGlobalIDString = 65985AAD1EA8BFA2008D961C;
			remoteInfo = DemoCICD;
		};
/* End PBXContainerItemProxy section */

/* Begin PBXFileReference section */
		65985AAE1EA8BFA2008D961C /* DemoCICD.app */ = {isa = PBXFileReference; explicitFileType = wrapper.application; includeInIndex = 0; path = DemoCICD.app; sourceTree = BUILT_PRODUCTS_DIR; };
		65985AB21EA8BFA2008D961C /* main.m */ = {isa = PBXFileReference; lastKnownFileType = sourcecode.c.objc; path = main.m; sourceTree = "<group>"; };
		65985AB41EA8BFA3008D961C /* AppDelegate.h */ = {isa = PBXFileReference; lastKnownFileType = sourcecode.c.h; path = AppDelegate.h; sourceTree = "<group>"; };
		65985AB51EA8BFA3008D961C /* AppDelegate.m */ = {isa = PBXFileReference; lastKnownFileType = sourcecode.c.objc; path = AppDelegate.m; sourceTree = "<group>"; };
		65985AB71EA8BFA3008D961C /* ViewController.h */ = {isa = PBXFileReference; lastKnownFileType = sourcecode.c.h; path = ViewController.h; sourceTree = "<group>"; };
		65985AB81EA8BFA3008D961C /* ViewController.m */ = {isa = PBXFileReference; lastKnownFileType = sourcecode.c.objc; path = ViewController.m; sourceTree = "<group>"; };
		65985ABB1EA8BFA3008D961C /* Base */ = {isa = PBXFileReference; lastKnownFileType = file.storyboard; name = Base; path = Base.lproj/Main.storyboard; sourceTree = "<group>"; };
		65985ABD1EA8BFA4008D961C /* Assets.xcassets */ = {isa = PBXFileReference; lastKnownFileType = folder.assetcatalog; path = Assets.xcassets; sourceTree = "<group>"; };
		65985AC01EA8BFA4008D961C /* Base */ = {isa = PBXFileReference; lastKnownFileType = file.storyboard; name = Base; path = Base.lproj/LaunchScreen.storyboard; sourceTree = "<group>"; };
		65985AC21EA8BFA4008D961C /* Info.plist */ = {isa = PBXFileReference; lastKnownFileType = text.plist.xml; path = Info.plist; sourceTree = "<group>"; };
		65985AC71EA8BFA6008D961C /* DemoCICDTests.xctest */ = {isa = PBXFileReference; explicitFileType = wrapper.cfbundle; includeInIndex = 0; path = DemoCICDTests.xctest; sourceTree = BUILT_PRODUCTS_DIR; };
		65985ACB1EA8BFA6008D961C /* DemoCICDTests.m */ = {isa = PBXFileReference; lastKnownFileType = sourcecode.c.objc; path = DemoCICDTests.m; sourceTree = "<group>"; };
		65985ACD1EA8BFA7008D961C /* Info.plist */ = {isa = PBXFileReference; lastKnownFileType = text.plist.xml; path = Info.plist; sourceTree = "<group>"; };
		65985AD71EA8C07F008D961C /* Validator.h */ = {isa = PBXFileReference; fileEncoding = 4; lastKnownFileType = sourcecode.c.h; path = Validator.h; sourceTree = "<group>"; };
		65985AD81EA8C07F008D961C /* Validator.m */ = {isa = PBXFileReference; fileEncoding = 4; lastKnownFileType = sourcecode.c.objc; path = Validator.m; sourceTree = "<group>"; };
/* End PBXFileReference section */

/* Begin PBXFrameworksBuildPhase section */
		65985AAB1EA8BFA2008D961C /* Frameworks */ = {
			isa = PBXFrameworksBuildPhase;
			buildActionMask = 2147483647;
			files = (
			);
			runOnlyForDeploymentPostprocessing = 0;
		};
		65985AC41EA8BFA6008D961C /* Frameworks */ = {
			isa = PBXFrameworksBuildPhase;
			buildActionMask = 2147483647;
			files = (
			);
			runOnlyForDeploymentPostprocessing = 0;
		};
/* End PBXFrameworksBuildPhase section */

/* Begin PBXGroup section */
		65985AA51EA8BFA1008D961C = {
			isa = PBXGroup;
			children = (
				65985AB01EA8BFA2008D961C /* DemoCICD */,
				65985ACA1EA8BFA6008D961C /* DemoCICDTests */,
				65985AAF1EA8BFA2008D961C /* Products */,
			);
			sourceTree = "<group>";
		};
		65985AAF1EA8BFA2008D961C /* Products */ = {
			isa = PBXGroup;
			children = (
				65985AAE1EA8BFA2008D961C /* DemoCICD.app */,
				65985AC71EA8BFA6008D961C /* DemoCICDTests.xctest */,
			);
			name = Products;
			sourceTree = "<group>";
		};
		65985AB01EA8BFA2008D961C /* DemoCICD */ = {
			isa = PBXGroup;
			children = (
				65985AB41EA8BFA3008D961C /* AppDelegate.h */,
				65985AB51EA8BFA3008D961C /* AppDelegate.m */,
				65985AD61EA8C07F008D961C /* Validator */,
				65985AB71EA8BFA3008D961C /* ViewController.h */,
				65985AB81EA8BFA3008D961C /* ViewController.m */,
				65985ABA1EA8BFA3008D961C /* Main.storyboard */,
				65985ABD1EA8BFA4008D961C /* Assets.xcassets */,
				65985ABF1EA8BFA4008D961C /* LaunchScreen.storyboard */,
				65985AC21EA8BFA4008D961C /* Info.plist */,
				65985AB11EA8BFA2008D961C /* Supporting Files */,
			);
			path = DemoCICD;
			sourceTree = "<group>";
		};
		65985AB11EA8BFA2008D961C /* Supporting Files */ = {
			isa = PBXGroup;
			children = (
				65985AB21EA8BFA2008D961C /* main.m */,
			);
			name = "Supporting Files";
			sourceTree = "<group>";
		};
		65985ACA1EA8BFA6008D961C /* DemoCICDTests */ = {
			isa = PBXGroup;
			children = (
				65985ACB1EA8BFA6008D961C /* DemoCICDTests.m */,
				65985ACD1EA8BFA7008D961C /* Info.plist */,
			);
			path = DemoCICDTests;
			sourceTree = "<group>";
		};
		65985AD61EA8C07F008D961C /* Validator */ = {
			isa = PBXGroup;
			children = (
				65985AD71EA8C07F008D961C /* Validator.h */,
				65985AD81EA8C07F008D961C /* Validator.m */,
			);
			path = Validator;
			sourceTree = "<group>";
		};
/* End PBXGroup section */

/* Begin PBXNativeTarget section */
		65985AAD1EA8BFA2008D961C /* DemoCICD */ = {
			isa = PBXNativeTarget;
			buildConfigurationList = 65985AD01EA8BFA7008D961C /* Build configuration list for PBXNativeTarget "DemoCICD" */;
			buildPhases = (
				65985AAA1EA8BFA2008D961C /* Sources */,
				65985AAB1EA8BFA2008D961C /* Frameworks */,
				65985AAC1EA8BFA2008D961C /* Resources */,
			);
			buildRules = (
			);
			dependencies = (
			);
			name = DemoCICD;
			productName = DemoCICD;
			productReference = 65985AAE1EA8BFA2008D961C /* DemoCICD.app */;
			productType = "com.apple.product-type.application";
		};
		65985AC61EA8BFA6008D961C /* DemoCICDTests */ = {
			isa = PBXNativeTarget;
			buildConfigurationList = 65985AD31EA8BFA7008D961C /* Build configuration list for PBXNativeTarget "DemoCICDTests" */;
			buildPhases = (
				65985AC31EA8BFA6008D961C /* Sources */,
				65985AC41EA8BFA6008D961C /* Frameworks */,
				65985AC51EA8BFA6008D961C /* Resources */,
			);
			buildRules = (
			);
			dependencies = (
				65985AC91EA8BFA6008D961C /* PBXTargetDependency */,
			);
			name = DemoCICDTests;
			productName = DemoCICDTests;
			productReference = 65985AC71EA8BFA6008D961C /* DemoCICDTests.xctest */;
			productType = "com.apple.product-type.bundle.unit-test";
		};
/* End PBXNativeTarget section */

/* Begin PBXProject section */
		65985AA61EA8BFA1008D961C /* Project object */ = {
			isa = PBXProject;
			attributes = {
				LastUpgradeCheck = 0810;
				ORGANIZATIONNAME = Cuelogic;
				TargetAttributes = {
					65985AAD1EA8BFA2008D961C = {
						CreatedOnToolsVersion = 8.1;
						DevelopmentTeam = FQWVPRQEN6;
						ProvisioningStyle = Automatic;
					};
					65985AC61EA8BFA6008D961C = {
						CreatedOnToolsVersion = 8.1;
						ProvisioningStyle = Automatic;
						TestTargetID = 65985AAD1EA8BFA2008D961C;
					};
				};
			};
			buildConfigurationList = 65985AA91EA8BFA1008D961C /* Build configuration list for PBXProject "DemoCICD" */;
			compatibilityVersion = "Xcode 3.2";
			developmentRegion = English;
			hasScannedForEncodings = 0;
			knownRegions = (
				en,
				Base,
			);
			mainGroup = 65985AA51EA8BFA1008D961C;
			productRefGroup = 65985AAF1EA8BFA2008D961C /* Products */;
			projectDirPath = "";
			projectRoot = "";
			targets = (
				65985AAD1EA8BFA2008D961C /* DemoCICD */,
				65985AC61EA8BFA6008D961C /* DemoCICDTests */,
			);
		};
/* End PBXProject section */

/* Begin PBXResourcesBuildPhase section */
		65985AAC1EA8BFA2008D961C /* Resources */ = {
			isa = PBXResourcesBuildPhase;
			buildActionMask = 2147483647;
			files = (
				65985AC11EA8BFA4008D961C /* LaunchScreen.storyboard in Resources */,
				65985ABE1EA8BFA4008D961C /* Assets.xcassets in Resources */,
				65985ABC1EA8BFA3008D961C /* Main.storyboard in Resources */,
			);
			runOnlyForDeploymentPostprocessing = 0;
		};
		65985AC51EA8BFA6008D961C /* Resources */ = {
			isa = PBXResourcesBuildPhase;
			buildActionMask = 2147483647;
			files = (
			);
			runOnlyForDeploymentPostprocessing = 0;
		};
/* End PBXResourcesBuildPhase section */

/* Begin PBXSourcesBuildPhase section */
		65985AAA1EA8BFA2008D961C /* Sources */ = {
			isa = PBXSourcesBuildPhase;
			buildActionMask = 2147483647;
			files = (
				65985AD91EA8C07F008D961C /* Validator.m in Sources */,
				65985AB91EA8BFA3008D961C /* ViewController.m in Sources */,
				65985AB61EA8BFA3008D961C /* AppDelegate.m in Sources */,
				65985AB31EA8BFA2008D961C /* main.m in Sources */,
			);
			runOnlyForDeploymentPostprocessing = 0;
		};
		65985AC31EA8BFA6008D961C /* Sources */ = {
			isa = PBXSourcesBuildPhase;
			buildActionMask = 2147483647;
			files = (
				65985ACC1EA8BFA6008D961C /* DemoCICDTests.m in Sources */,
			);
			runOnlyForDeploymentPostprocessing = 0;
		};
/* End PBXSourcesBuildPhase section */

/* Begin PBXTargetDependency section */
		65985AC91EA8BFA6008D961C /* PBXTargetDependency */ = {
			isa = PBXTargetDependency;
			target = 65985AAD1EA8BFA2008D961C /* DemoCICD */;
			targetProxy = 65985AC81EA8BFA6008D961C /* PBXContainerItemProxy */;
		};
/* End PBXTargetDependency section */

/* Begin PBXVariantGroup section */
		65985ABA1EA8BFA3008D961C /* Main.storyboard */ = {
			isa = PBXVariantGroup;
			children = (
				65985ABB1EA8BFA3008D961C /* Base */,
			);
			name = Main.storyboard;
			sourceTree = "<group>";
		};
		65985ABF1EA8BFA4008D961C /* LaunchScreen.storyboard */ = {
			isa = PBXVariantGroup;
			children = (
				65985AC01EA8BFA4008D961C /* Base */,
			);
			name = LaunchScreen.storyboard;
			sourceTree = "<group>";
		};
/* End PBXVariantGroup section */

/* Begin XCBuildConfiguration section */
		65985ACE1EA8BFA7008D961C /* Debug */ = {
			isa = XCBuildConfiguration;
			buildSettings = {
				ALWAYS_SEARCH_USER_PATHS = NO;
				CLANG_ANALYZER_NONNULL = YES;
				CLANG_CXX_LANGUAGE_STANDARD = "gnu++0x";
				CLANG_CXX_LIBRARY = "libc++";
				CLANG_ENABLE_MODULES = YES;
				CLANG_ENABLE_OBJC_ARC = YES;
				CLANG_WARN_BOOL_CONVERSION = YES;
				CLANG_WARN_CONSTANT_CONVERSION = YES;
				CLANG_WARN_DIRECT_OBJC_ISA_USAGE = YES_ERROR;
				CLANG_WARN_DOCUMENTATION_COMMENTS = YES;
				CLANG_WARN_EMPTY_BODY = YES;
				CLANG_WARN_ENUM_CONVERSION = YES;
				CLANG_WARN_INFINITE_RECURSION = YES;
				CLANG_WARN_INT_CONVERSION = YES;
				CLANG_WARN_OBJC_ROOT_CLASS = YES_ERROR;
				CLANG_WARN_SUSPICIOUS_MOVES = YES;
				CLANG_WARN_UNREACHABLE_CODE = YES;
				CLANG_WARN__DUPLICATE_METHOD_MATCH = YES;
				CODE_SIGN_IDENTITY = "iPhone Developer: Nikhil Ambekar (RAARKWRAJS)";
				"CODE_SIGN_IDENTITY[sdk=iphoneos*]" = "iPhone Developer: Nikhil Ambekar (RAARKWRAJS)";
				COPY_PHASE_STRIP = NO;
				DEBUG_INFORMATION_FORMAT = dwarf;
				ENABLE_STRICT_OBJC_MSGSEND = YES;
				ENABLE_TESTABILITY = YES;
				GCC_C_LANGUAGE_STANDARD = gnu99;
				GCC_DYNAMIC_NO_PIC = NO;
				GCC_NO_COMMON_BLOCKS = YES;
				GCC_OPTIMIZATION_LEVEL = 0;
				GCC_PREPROCESSOR_DEFINITIONS = (
					"DEBUG=1",
					"$(inherited)",
				);
				GCC_WARN_64_TO_32_BIT_CONVERSION = YES;
				GCC_WARN_ABOUT_RETURN_TYPE = YES_ERROR;
				GCC_WARN_UNDECLARED_SELECTOR = YES;
				GCC_WARN_UNINITIALIZED_AUTOS = YES_AGGRESSIVE;
				GCC_WARN_UNUSED_FUNCTION = YES;
				GCC_WARN_UNUSED_VARIABLE = YES;
				IPHONEOS_DEPLOYMENT_TARGET = 10.1;
				MTL_ENABLE_DEBUG_INFO = YES;
				ONLY_ACTIVE_ARCH = YES;
				SDKROOT = iphoneos;
				TARGETED_DEVICE_FAMILY = "1,2";
			};
			name = Debug;
		};
		65985ACF1EA8BFA7008D961C /* Release */ = {
			isa = XCBuildConfiguration;
			buildSettings = {
				ALWAYS_SEARCH_USER_PATHS = NO;
				CLANG_ANALYZER_NONNULL = YES;
				CLANG_CXX_LANGUAGE_STANDARD = "gnu++0x";
				CLANG_CXX_LIBRARY = "libc++";
				CLANG_ENABLE_MODULES = YES;
				CLANG_ENABLE_OBJC_ARC = YES;
				CLANG_WARN_BOOL_CONVERSION = YES;
				CLANG_WARN_CONSTANT_CONVERSION = YES;
				CLANG_WARN_DIRECT_OBJC_ISA_USAGE = YES_ERROR;
				CLANG_WARN_DOCUMENTATION_COMMENTS = YES;
				CLANG_WARN_EMPTY_BODY = YES;
				CLANG_WARN_ENUM_CONVERSION = YES;
				CLANG_WARN_INFINITE_RECURSION = YES;
				CLANG_WARN_INT_CONVERSION = YES;
				CLANG_WARN_OBJC_ROOT_CLASS = YES_ERROR;
				CLANG_WARN_SUSPICIOUS_MOVES = YES;
				CLANG_WARN_UNREACHABLE_CODE = YES;
				CLANG_WARN__DUPLICATE_METHOD_MATCH = YES;
				"CODE_SIGN_IDENTITY[sdk=iphoneos*]" = "iPhone Developer";
				COPY_PHASE_STRIP = NO;
				DEBUG_INFORMATION_FORMAT = "dwarf-with-dsym";
				ENABLE_NS_ASSERTIONS = NO;
				ENABLE_STRICT_OBJC_MSGSEND = YES;
				GCC_C_LANGUAGE_STANDARD = gnu99;
				GCC_NO_COMMON_BLOCKS = YES;
				GCC_WARN_64_TO_32_BIT_CONVERSION = YES;
				GCC_WARN_ABOUT_RETURN_TYPE = YES_ERROR;
				GCC_WARN_UNDECLARED_SELECTOR = YES;
				GCC_WARN_UNINITIALIZED_AUTOS = YES_AGGRESSIVE;
				GCC_WARN_UNUSED_FUNCTION = YES;
				GCC_WARN_UNUSED_VARIABLE = YES;
				IPHONEOS_DEPLOYMENT_TARGET = 10.1;
				MTL_ENABLE_DEBUG_INFO = NO;
				SDKROOT = iphoneos;
				TARGETED_DEVICE_FAMILY = "1,2";
				VALIDATE_PRODUCT = YES;
			};
			name = Release;
		};
		65985AD11EA8BFA7008D961C /* Debug */ = {
			isa = XCBuildConfiguration;
			buildSettings = {
				ASSETCATALOG_COMPILER_APPICON_NAME = AppIcon;
				CODE_SIGN_IDENTITY = "iPhone Developer: Nikhil Ambekar (RAARKWRAJS)";
				DEVELOPMENT_TEAM = FQWVPRQEN6;
				INFOPLIST_FILE = DemoCICD/Info.plist;
				IPHONEOS_DEPLOYMENT_TARGET = 8.4;
				LD_RUNPATH_SEARCH_PATHS = "$(inherited) @executable_path/Frameworks";
				PRODUCT_BUNDLE_IDENTIFIER = com.cuelogic.DemoCICD;
				PRODUCT_NAME = "$(TARGET_NAME)";
			};
			name = Debug;
		};
		65985AD21EA8BFA7008D961C /* Release */ = {
			isa = XCBuildConfiguration;
			buildSettings = {
				ASSETCATALOG_COMPILER_APPICON_NAME = AppIcon;
				CODE_SIGN_IDENTITY = "";
				DEVELOPMENT_TEAM = FQWVPRQEN6;
				INFOPLIST_FILE = DemoCICD/Info.plist;
				IPHONEOS_DEPLOYMENT_TARGET = 8.4;
				LD_RUNPATH_SEARCH_PATHS = "$(inherited) @executable_path/Frameworks";
				PRODUCT_BUNDLE_IDENTIFIER = com.cuelogic.DemoCICD;
				PRODUCT_NAME = "$(TARGET_NAME)";
			};
			name = Release;
		};
		65985AD41EA8BFA7008D961C /* Debug */ = {
			isa = XCBuildConfiguration;
			buildSettings = {
				BUNDLE_LOADER = "$(TEST_HOST)";
				INFOPLIST_FILE = DemoCICDTests/Info.plist;
				LD_RUNPATH_SEARCH_PATHS = "$(inherited) @executable_path/Frameworks @loader_path/Frameworks";
				PRODUCT_BUNDLE_IDENTIFIER = com.cuelogic.DemoCICDTests;
				PRODUCT_NAME = "$(TARGET_NAME)";
				TEST_HOST = "$(BUILT_PRODUCTS_DIR)/DemoCICD.app/DemoCICD";
			};
			name = Debug;
		};
		65985AD51EA8BFA7008D961C /* Release */ = {
			isa = XCBuildConfiguration;
			buildSettings = {
				BUNDLE_LOADER = "$(TEST_HOST)";
				INFOPLIST_FILE = DemoCICDTests/Info.plist;
				LD_RUNPATH_SEARCH_PATHS = "$(inherited) @executable_path/Frameworks @loader_path/Frameworks";
				PRODUCT_BUNDLE_IDENTIFIER = com.cuelogic.DemoCICDTests;
				PRODUCT_NAME = "$(TARGET_NAME)";
				TEST_HOST = "$(BUILT_PRODUCTS_DIR)/DemoCICD.app/DemoCICD";
			};
			name = Release;
		};
/* End XCBuildConfiguration section */

/* Begin XCConfigurationList section */
		65985AA91EA8BFA1008D961C /* Build configuration list for PBXProject "DemoCICD" */ = {
			isa = XCConfigurationList;
			buildConfigurations = (
				65985ACE1EA8BFA7008D961C /* Debug */,
				65985ACF1EA8BFA7008D961C /* Release */,
			);
			defaultConfigurationIsVisible = 0;
			defaultConfigurationName = Debug;
		};
		65985AD01EA8BFA7008D961C /* Build configuration list for PBXNativeTarget "DemoCICD" */ = {
			isa = XCConfigurationList;
			buildConfigurations = (
				65985AD11EA8BFA7008D961C /* Debug */,
				65985AD21EA8BFA7008D961C /* Release */,
			);
			defaultConfigurationIsVisible = 0;
			defaultConfigurationName = Debug;
		};
		65985AD31EA8BFA7008D961C /* Build configuration list for PBXNativeTarget "DemoCICDTests" */ = {
			isa = XCConfigurationList;
			buildConfigurations = (
				65985AD41EA8BFA7008D961C /* Debug */,
				65985AD51EA8BFA7008D961C /* Release */,
			);
			defaultConfigurationIsVisible = 0;
			defaultConfigurationName = Debug;
		};
/* End XCConfigurationList section */
	};
	rootObject = 65985AA61EA8BFA1008D961C /* Project object */;
}
